[[package]]
name = "Problems_Rust"
version = "0.1.0"
dependencies = [
 "chrono 0.4.6 (registry+https://mirrors.ustc.edu.cn/crates.io-index/)",
 "itertools 0.8.0 (registry+https://mirrors.ustc.edu.cn/crates.io-index/)",
 "num 0.2.0 (registry+https://mirrors.ustc.edu.cn/crates.io-index/)",
 "num-bigint 0.2.2 (registry+https://mirrors.ustc.edu.cn/crates.io-index/)",
 "num-integer 0.1.39 (registry+https://mirrors.ustc.edu.cn/crates.io-index/)",
 "num-iter 0.1.37 (registry+https://mirrors.ustc.edu.cn/crates.io-index/)",
 "num-traits 0.2.6 (registry+https://mirrors.ustc.edu.cn/crates.io-index/)",
 "primal 0.2.3 (registry+https://mirrors.ustc.edu.cn/crates.io-index/)",
]

[[package]]
name = "chrono"
version = "0.4.6"
source = "registry+https://mirrors.ustc.edu.cn/crates.io-index/"
dependencies = [
 "num-integer 0.1.39 (registry+https://mirrors.ustc.edu.cn/crates.io-index/)",
 "num-traits 0.2.6 (registry+https://mirrors.ustc.edu.cn/crates.io-index/)",
 "time 0.1.42 (registry+https://mirrors.ustc.edu.cn/crates.io-index/)",
]

[[package]]
name = "either"
version = "1.5.2"
source = "registry+https://mirrors.ustc.edu.cn/crates.io-index/"

[[package]]
name = "hamming"
version = "0.1.3"
source = "registry+https://mirrors.ustc.edu.cn/crates.io-index/"

[[package]]
name = "itertools"
version = "0.8.0"
source = "registry+https://mirrors.ustc.edu.cn/crates.io-index/"
dependencies = [
 "either 1.5.2 (registry+https://mirrors.ustc.edu.cn/crates.io-index/)",
]

[[package]]
name = "libc"
version = "0.2.51"
source = "registry+https://mirrors.ustc.edu.cn/crates.io-index/"

[[package]]
name = "num"
version = "0.2.0"
source = "registry+https://mirrors.ustc.edu.cn/crates.io-index/"
dependencies = [
 "num-bigint 0.2.2 (registry+https://mirrors.ustc.edu.cn/crates.io-index/)",
 "num-complex 0.2.1 (registry+https://mirrors.ustc.edu.cn/crates.io-index/)",
 "num-integer 0.1.39 (registry+https://mirrors.ustc.edu.cn/crates.io-index/)",
 "num-iter 0.1.37 (registry+https://mirrors.ustc.edu.cn/crates.io-index/)",
 "num-rational 0.2.1 (registry+https://mirrors.ustc.edu.cn/crates.io-index/)",
 "num-traits 0.2.6 (registry+https://mirrors.ustc.edu.cn/crates.io-index/)",
]

[[package]]
name = "num-bigint"
version = "0.2.2"
source = "registry+https://mirrors.ustc.edu.cn/crates.io-index/"
dependencies = [
 "num-integer 0.1.39 (registry+https://mirrors.ustc.edu.cn/crates.io-index/)",
 "num-traits 0.2.6 (registry+https://mirrors.ustc.edu.cn/crates.io-index/)",
]

[[package]]
name = "num-complex"
version = "0.2.1"
source = "registry+https://mirrors.ustc.edu.cn/crates.io-index/"
dependencies = [
 "num-traits 0.2.6 (registry+https://mirrors.ustc.edu.cn/crates.io-index/)",
]

[[package]]
name = "num-integer"
version = "0.1.39"
source = "registry+https://mirrors.ustc.edu.cn/crates.io-index/"
dependencies = [
 "num-traits 0.2.6 (registry+https://mirrors.ustc.edu.cn/crates.io-index/)",
]

[[package]]
name = "num-iter"
version = "0.1.37"
source = "registry+https://mirrors.ustc.edu.cn/crates.io-index/"
dependencies = [
 "num-integer 0.1.39 (registry+https://mirrors.ustc.edu.cn/crates.io-index/)",
 "num-traits 0.2.6 (registry+https://mirrors.ustc.edu.cn/crates.io-index/)",
]

[[package]]
name = "num-rational"
version = "0.2.1"
source = "registry+https://mirrors.ustc.edu.cn/crates.io-index/"
dependencies = [
 "num-bigint 0.2.2 (registry+https://mirrors.ustc.edu.cn/crates.io-index/)",
 "num-integer 0.1.39 (registry+https://mirrors.ustc.edu.cn/crates.io-index/)",
 "num-traits 0.2.6 (registry+https://mirrors.ustc.edu.cn/crates.io-index/)",
]

[[package]]
name = "num-traits"
version = "0.2.6"
source = "registry+https://mirrors.ustc.edu.cn/crates.io-index/"

[[package]]
name = "primal"
version = "0.2.3"
source = "registry+https://mirrors.ustc.edu.cn/crates.io-index/"
dependencies = [
 "primal-check 0.2.3 (registry+https://mirrors.ustc.edu.cn/crates.io-index/)",
 "primal-estimate 0.2.1 (registry+https://mirrors.ustc.edu.cn/crates.io-index/)",
 "primal-sieve 0.2.9 (registry+https://mirrors.ustc.edu.cn/crates.io-index/)",
]

[[package]]
name = "primal-bit"
version = "0.2.4"
source = "registry+https://mirrors.ustc.edu.cn/crates.io-index/"
dependencies = [
 "hamming 0.1.3 (registry+https://mirrors.ustc.edu.cn/crates.io-index/)",
]

[[package]]
name = "primal-check"
version = "0.2.3"
source = "registry+https://mirrors.ustc.edu.cn/crates.io-index/"
dependencies = [
 "num-integer 0.1.39 (registry+https://mirrors.ustc.edu.cn/crates.io-index/)",
]

[[package]]
name = "primal-estimate"
version = "0.2.1"
source = "registry+https://mirrors.ustc.edu.cn/crates.io-index/"

[[package]]
name = "primal-sieve"
version = "0.2.9"
source = "registry+https://mirrors.ustc.edu.cn/crates.io-index/"
dependencies = [
 "hamming 0.1.3 (registry+https://mirrors.ustc.edu.cn/crates.io-index/)",
 "primal-bit 0.2.4 (registry+https://mirrors.ustc.edu.cn/crates.io-index/)",
 "primal-estimate 0.2.1 (registry+https://mirrors.ustc.edu.cn/crates.io-index/)",
 "smallvec 0.6.9 (registry+https://mirrors.ustc.edu.cn/crates.io-index/)",
]

[[package]]
name = "redox_syscall"
version = "0.1.52"
source = "registry+https://mirrors.ustc.edu.cn/crates.io-index/"

[[package]]
name = "smallvec"
version = "0.6.9"
source = "registry+https://mirrors.ustc.edu.cn/crates.io-index/"

[[package]]
name = "time"
version = "0.1.42"
source = "registry+https://mirrors.ustc.edu.cn/crates.io-index/"
dependencies = [
 "libc 0.2.51 (registry+https://mirrors.ustc.edu.cn/crates.io-index/)",
 "redox_syscall 0.1.52 (registry+https://mirrors.ustc.edu.cn/crates.io-index/)",
 "winapi 0.3.7 (registry+https://mirrors.ustc.edu.cn/crates.io-index/)",
]

[[package]]
name = "winapi"
version = "0.3.7"
source = "registry+https://mirrors.ustc.edu.cn/crates.io-index/"
dependencies = [
 "winapi-i686-pc-windows-gnu 0.4.0 (registry+https://mirrors.ustc.edu.cn/crates.io-index/)",
 "winapi-x86_64-pc-windows-gnu 0.4.0 (registry+https://mirrors.ustc.edu.cn/crates.io-index/)",
]

[[package]]
name = "winapi-i686-pc-windows-gnu"
version = "0.4.0"
source = "registry+https://mirrors.ustc.edu.cn/crates.io-index/"

[[package]]
name = "winapi-x86_64-pc-windows-gnu"
version = "0.4.0"
source = "registry+https://mirrors.ustc.edu.cn/crates.io-index/"

[metadata]
"checksum chrono 0.4.6 (registry+https://mirrors.ustc.edu.cn/crates.io-index/)" = "45912881121cb26fad7c38c17ba7daa18764771836b34fab7d3fbd93ed633878"
"checksum either 1.5.2 (registry+https://mirrors.ustc.edu.cn/crates.io-index/)" = "5527cfe0d098f36e3f8839852688e63c8fff1c90b2b405aef730615f9a7bcf7b"
"checksum hamming 0.1.3 (registry+https://mirrors.ustc.edu.cn/crates.io-index/)" = "65043da274378d68241eb9a8f8f8aa54e349136f7b8e12f63e3ef44043cc30e1"
"checksum itertools 0.8.0 (registry+https://mirrors.ustc.edu.cn/crates.io-index/)" = "5b8467d9c1cebe26feb08c640139247fac215782d35371ade9a2136ed6085358"
"checksum libc 0.2.51 (registry+https://mirrors.ustc.edu.cn/crates.io-index/)" = "bedcc7a809076656486ffe045abeeac163da1b558e963a31e29fbfbeba916917"
"checksum num 0.2.0 (registry+https://mirrors.ustc.edu.cn/crates.io-index/)" = "cf4825417e1e1406b3782a8ce92f4d53f26ec055e3622e1881ca8e9f5f9e08db"
"checksum num-bigint 0.2.2 (registry+https://mirrors.ustc.edu.cn/crates.io-index/)" = "57450397855d951f1a41305e54851b1a7b8f5d2e349543a02a2effe25459f718"
"checksum num-complex 0.2.1 (registry+https://mirrors.ustc.edu.cn/crates.io-index/)" = "107b9be86cd2481930688277b675b0114578227f034674726605b8a482d8baf8"
"checksum num-integer 0.1.39 (registry+https://mirrors.ustc.edu.cn/crates.io-index/)" = "e83d528d2677f0518c570baf2b7abdcf0cd2d248860b68507bdcb3e91d4c0cea"
"checksum num-iter 0.1.37 (registry+https://mirrors.ustc.edu.cn/crates.io-index/)" = "af3fdbbc3291a5464dc57b03860ec37ca6bf915ed6ee385e7c6c052c422b2124"
"checksum num-rational 0.2.1 (registry+https://mirrors.ustc.edu.cn/crates.io-index/)" = "4e96f040177bb3da242b5b1ecf3f54b5d5af3efbbfb18608977a5d2767b22f10"
"checksum num-traits 0.2.6 (registry+https://mirrors.ustc.edu.cn/crates.io-index/)" = "0b3a5d7cc97d6d30d8b9bc8fa19bf45349ffe46241e8816f50f62f6d6aaabee1"
"checksum primal 0.2.3 (registry+https://mirrors.ustc.edu.cn/crates.io-index/)" = "0e31b86efadeaeb1235452171a66689682783149a6249ff334a2c5d8218d00a4"
"checksum primal-bit 0.2.4 (registry+https://mirrors.ustc.edu.cn/crates.io-index/)" = "686a64e2f50194c64942992af5799e6b6e8775b8f88c607d72ed0a2fd58b9b21"
"checksum primal-check 0.2.3 (registry+https://mirrors.ustc.edu.cn/crates.io-index/)" = "8e65f96c0a171f887198c274392c99a116ef65aa7f53f3b6d4902f493965c2d1"
"checksum primal-estimate 0.2.1 (registry+https://mirrors.ustc.edu.cn/crates.io-index/)" = "56ea4531dde757b56906493c8604641da14607bf9cdaa80fb9c9cabd2429f8d5"
"checksum primal-sieve 0.2.9 (registry+https://mirrors.ustc.edu.cn/crates.io-index/)" = "da2d6ed369bb4b0273aeeb43f07c105c0117717cbae827b20719438eb2eb798c"
"checksum redox_syscall 0.1.52 (registry+https://mirrors.ustc.edu.cn/crates.io-index/)" = "d32b3053e5ced86e4bc0411fec997389532bf56b000e66cb4884eeeb41413d69"
"checksum smallvec 0.6.9 (registry+https://mirrors.ustc.edu.cn/crates.io-index/)" = "c4488ae950c49d403731982257768f48fada354a5203fe81f9bb6f43ca9002be"
"checksum time 0.1.42 (registry+https://mirrors.ustc.edu.cn/crates.io-index/)" = "db8dcfca086c1143c9270ac42a2bbd8a7ee477b78ac8e45b19abfb0cbede4b6f"
"checksum winapi 0.3.7 (registry+https://mirrors.ustc.edu.cn/crates.io-index/)" = "f10e386af2b13e47c89e7236a7a14a086791a2b88ebad6df9bf42040195cf770"
"checksum winapi-i686-pc-windows-gnu 0.4.0 (registry+https://mirrors.ustc.edu.cn/crates.io-index/)" = "ac3b87c63620426dd9b991e5ce0329eff545bccbbb34f3be09ff6fb6ab51b7b6"
"checksum winapi-x86_64-pc-windows-gnu 0.4.0 (registry+https://mirrors.ustc.edu.cn/crates.io-index/)" = "712e227841d057c1ee1cd2fb22fa7e5a5461ae8e48fa2ca79ec42cfc1931183f"
